github.com/PuerkitoBio/purell v1.0.0 h1:0GoNN3taZV6QI81IXgCbxMyEaJDXMSIjArYBCYzVVvs=
github.com/PuerkitoBio/purell v1.0.0/go.mod h1:c11w/QuzBsJSee3cPx9rAFu61PvFxuPbtSwDGJws/X0=
github.com/PuerkitoBio/urlesc v0.0.0-20160726150825-5bd2802263f2 h1:JCHLVE3B+kJde7bIEo5N4J+ZbLhp0J1Fs+ulyRws4gE=
github.com/PuerkitoBio/urlesc v0.0.0-20160726150825-5bd2802263f2/go.mod h1:uGdkoq3SwY9Y+13GIhn11/XLaGBb4BfwItxLd5jeuXE=
github.com/asaskevich/govalidator v0.0.0-20170104211126-fdf19785fd35 h1:jtOyR8GH6bAopQsGgvAhTLbp2kIgGw5hJpfRoFjr6AI=
github.com/asaskevich/govalidator v0.0.0-20170104211126-fdf19785fd35/go.mod h1:lB+ZfQJz7igIIfQNfa7Ml4HSf2uFQQRzpGGRXenZAgY=
github.com/davecgh/go-spew v1.1.1 h1:vj9j/u1bqnvCEfJOwUhtlOARqs3+rkHYY13jYWTU97c=
github.com/docker/go-units v0.2.1-0.20151218222130-651fc226e744 h1:p+B7C24dUeS3z38OYrWQplXkYTXO2mrpDs/ZPQTZGyc=
github.com/docker/go-units v0.2.1-0.20151218222130-651fc226e744/go.mod h1:fgPhTUdO+D/Jk86RDLlptpiXQzgHJF7gydDDbaIK4Dk=
github.com/go-openapi/analysis v0.0.0-20161231055341-d5a75b7d751c h1:2vsKPPVj/x6e21XiUr3zk+RpsNjknbEUvhVETVSY1A8=
github.com/go-openapi/analysis v0.0.0-20161231055341-d5a75b7d751c/go.mod h1:k70tL6pCuVxPJOHXQ+wIac1FUrvNkHolPie/cLEU6hI=
github.com/go-openapi/errors v0.0.0-20170104180542-fc3f73a22449 h1:23vfSBjmg9n50rkiub84DQARbicffyyUh7oYRMLyz+o=
github.com/go-openapi/errors v0.0.0-20170104180542-fc3f73a22449/go.mod h1:La0D2x9HoXenv7MDEiAv6vWoe84CXFo0PQRk/jdQlww=
github.com/go-openapi/jsonpointer v0.0.0-20170102174223-779f45308c19 h1:UmnefiS/Yrdfl15NXUA9T51lyQf72tCvWHfOiRLd1+g=
github.com/go-openapi/jsonpointer v0.0.0-20170102174223-779f45308c19/go.mod h1:+35s3my2LFTysnkMfxsJBAMHj/DoqoB9knIWoYG/Vk0=
github.com/go-openapi/jsonreference v0.0.0-20161105162150-36d33bfe519e h1:gbNUNGpVJLxaXBxI7iCHZdg3PwgLOJ9lPQGVINRrC9E=
github.com/go-openapi/jsonreference v0.0.0-20161105162150-36d33bfe519e/go.mod h1:W3Z9FmVs9qj+KR4zFKmDPGiLdk1D9Rlm7cyMvf57TTg=
github.com/go-openapi/loads v0.0.0-20161225204854-bf98340e0473 h1:jdoKo+Ev+5O69jDgeJjsFDshMsv8C5SE0fQUGLhiz54=
github.com/go-openapi/loads v0.0.0-20161225204854-bf98340e0473/go.mod h1:5qFWh9T8iTbMizjsoC/EHEN3onRy+cfNRw/wV1iX1Og=
github.com/go-openapi/runtime v0.0.0-20170422145808-0cb5480dd0e0 h1:dAlI4jRPVlfA0BKDLoCIInq1UVqYdg1M4WkoMfkSPS8=
github.com/go-openapi/runtime v0.0.0-20170422145808-0cb5480dd0e0/go.mod h1:6v9a6LTXWQCdL8k1AO3cvqx5OtZY/Y9wKTgaoP6YRfA=
github.com/go-openapi/spec v0.0.0-20170102180923-3a0434164aa3 h1:OneEtXKKwxyj9jvlWPe7VhKw+k/BlU0QdsmSYcy4WWA=
github.com/go-openapi/spec v0.0.0-20170102180923-3a0434164aa3/go.mod h1:J8+jY1nAiCcj+friV/PDoE1/3eeccG9LYBs0tYvLOWc=
github.com/go-openapi/strfmt v0.0.0-20170112235747-0cb3db44c13b h1:idtW4GFQjdy3DVrvdHK8m/E27sjlKEgZxiR1XRtcoN0=
github.com/go-openapi/strfmt v0.0.0-20170112235747-0cb3db44c13b/go.mod h1:/bCWipNKhC9QMhD8HRe2EGbU8G0D4Yvh0G6X4k1Xwvg=
github.com/go-openapi/swag v0.0.0-20161226064331-96d7b9ebd181 h1:tB/Rk11cpOeYA7vLbBpI3QYhj1EiZJJwc50oomM5Evw=
github.com/go-openapi/swag v0.0.0-20161226064331-96d7b9ebd181/go.mod h1:DXUve3Dpr1UfpPtxFw+EFuQ41HhCWZfha5jSVRG7C7I=
github.com/go-openapi/validate v0.0.0-20161227051624-b11dbf889b64 h1:1BKXBv6aRFu2UpbbOPlPvQOULsK5M/hIDfOAtWxR50M=
github.com/go-openapi/validate v0.0.0-20161227051624-b11dbf889b64/go.mod h1:ve8xoSHgqBUifiKgaVbxLmOE0ckvH0oXfsJcnm6SIz0=
github.com/google/uuid v1.0.0 h1:b4Gk+7WdP/d3HZH8EJsZpvV7EtDOgaZLtnaNGIu1adA=
github.com/google/uuid v1.0.0/go.mod h1:TIyPZe4MgqvfeYDBFedMoGGpEw/LqOeaOT+nhxU+yHo=
github.com/gorilla/context v0.0.0-20150820051245-1c83b3eabd45 h1:f69IpTg7NxbCoH51W7oD+gPkojLLvi6ybJ6Iya76wB8=
github.com/gorilla/context v0.0.0-20150820051245-1c83b3eabd45/go.mod h1:kBGZzfjB9CEq2AlWe17Uuf7NDRt0dE0s8S51q0aT7Yg=
github.com/jessevdk/go-flags v1.1.1-0.20161215105708-4e64e4a4e255 h1:oUQbrPd4yBNW6O9OYHE8L0umjyjIYqyXKhvdoJWdoEE=
github.com/jessevdk/go-flags v1.1.1-0.20161215105708-4e64e4a4e255/go.mod h1:4FA24M0QyGHXBuZZK/XkWh8h0e1EYbRYJSGM75WSRxI=
github.com/kr/pretty v0.2.1 h1:Fmg33tUaq4/8ym9TJN1x7sLJnHVwhP33CNkpYV/7rwI=
github.com/kr/pretty v0.2.1/go.mod h1:ipq/a2n7PKx3OHsz4KJII5eveXtPO4qwEXGdVfWzfnI=
github.com/kr/pty v1.1.1/go.mod h1:pFQYn66WHrOpPYNljwOMqo10TkYh1fy3cYio2l3bCsQ=
github.com/kr/text v0.1.0 h1:45sCR5RtlFHMR4UwH9sdQ5TC8v0qDQCHnXt+kaKSTVE=
github.com/kr/text v0.1.0/go.mod h1:4Jbv+DJW3UT/LiOwJeYQe1efqtUx/iVham/4vfdArNI=
github.com/mailru/easyjson v0.0.0-20161010205332-9dc3521db358 h1:YhefXwRWFtVSXxsy5qyQgqqQHiuRdE3HhK+qAq1VvaE=
github.com/mailru/easyjson v0.0.0-20161010205332-9dc3521db358/go.mod h1:C1wdFJiN94OJF2b5HbByQZoLdCWB1Yqtg26g4irojpc=
github.com/mitchellh/mapstructure v0.0.0-20161211222315-bfdb1a85537d h1:/4fbtrvwbe2SNQsEFX9ZzXYsLiP17QJxXYXfzEYiDe8=
github.com/mitchellh/mapstructure v0.0.0-20161211222315-bfdb1a85537d/go.mod h1:FVVH3fgwuzCH5S8UJGiWEs2h04kUh9fWfEaFds41c1Y=
github.com/pborman/uuid v1.2.1 h1:+ZZIw58t/ozdjRaXh/3awHfmWRbzYxJoAdNJxe/3pvw=
github.com/pborman/uuid v1.2.1/go.mod h1:X/NO0urCmaxf9VXbdlT7C2Yzkj2IKimNn4k+gtPdI/k=
github.com/pmezard/go-difflib v1.0.0 h1:4DBwDE0NGyQoBHbLQYPwSUPoCMWR5BEzIk/f1lZbAQM=
github.com/stretchr/testify v1.8.4 h1:CcVxjf3Q8PM0mHUKJCdn+eZZtm5yQwehR5yeSVQQcUk=
github.com/stretchr/testify v1.8.4/go.mod h1:sz/lmYIOXD/1dqDmKjjqLyZ2RngseejIcXlSw2iwfAo=
github.com/tylerb/graceful v1.2.14-0.20170103162203-d37e108c8976 h1:xpKU6BlQNlUfVY/P70vQuOyoU1Jeza7QX16+EUxrAeI=
github.com/tylerb/graceful v1.2.14-0.20170103162203-d37e108c8976/go.mod h1:LPYTbOYmUTdabwRt0TGhLllQ0MUNbs0Y5q1WXJOI9II=
golang.org/x/net v0.0.0-20170114055629-f2499483f923 h1:cLl2p2++IYXqH4YzQ7uIc7QLOa4SU0x1vSy9Da++V94=
golang.org/x/net v0.0.0-20170114055629-f2499483f923/go.mod h1:mL1N/T3taQHkDXs73rZJwtUhF3w3ftmwwsq0BUmARs4=
golang.org/x/text v0.3.8 h1:nAL+RVCQ9uMn3vJZbV+MRnydTJFPf8qqY42YiA6MrqY=
golang.org/x/text v0.3.8/go.mod h1:E6s5w1FMmriuDzIBO73fBruAKo1PCIq6d2Q6DHfQ8WQ=
gopkg.in/check.v1 v1.0.0-20201130134442-10cb98267c6c h1:Hei/4ADfdWqJk1ZMxUNpqntNwaWcugrBjAiHlqqRiVk=
gopkg.in/check.v1 v1.0.0-20201130134442-10cb98267c6c/go.mod h1:JHkPIbrfpd72SG/EVd6muEfDQjcINNoR0C8j2r3qZ4Q=
gopkg.in/yaml.v2 v2.0.0-20151201162745-f7716cbe52ba h1:zs5kJPNmBQxScpRIdp+2eZySRHFWheLSbXfME4zAxgw=
gopkg.in/yaml.v2 v2.0.0-20151201162745-f7716cbe52ba/go.mod h1:JAlM8MvJe8wmxCU4Bli9HhUf9+ttbYbLASfIpnQbh74=
gopkg.in/yaml.v3 v3.0.1 h1:fxVm/GzAzEWqLHuvctI91KS9hhNmmWOoWu0XTYJS7CA=
